// !$*UTF8*$!
{
	archiveVersion = 1;
	classes = {
	};
	objectVersion = 46;
	objects = {

/* Begin PBXBuildFile section */
		DCBC74561E53794F00EB0D80 /* AppDelegate.swift in Sources */ = {isa = PBXBuildFile; fileRef = DCBC74551E53794F00EB0D80 /* AppDelegate.swift */; };
		DCBC74581E53794F00EB0D80 /* MainViewController.swift in Sources */ = {isa = PBXBuildFile; fileRef = DCBC74571E53794F00EB0D80 /* MainViewController.swift */; };
		DCBC745D1E53794F00EB0D80 /* Assets.xcassets in Resources */ = {isa = PBXBuildFile; fileRef = DCBC745C1E53794F00EB0D80 /* Assets.xcassets */; };
		DCBC74601E53794F00EB0D80 /* LaunchScreen.storyboard in Resources */ = {isa = PBXBuildFile; fileRef = DCBC745E1E53794F00EB0D80 /* LaunchScreen.storyboard */; };
		DCBC74681E53799300EB0D80 /* Cons.swift in Sources */ = {isa = PBXBuildFile; fileRef = DCBC74671E53799300EB0D80 /* Cons.swift */; };
		DCBC746A1E537AE100EB0D80 /* QLayoutConstraint.swift in Sources */ = {isa = PBXBuildFile; fileRef = DCBC74691E537AE100EB0D80 /* QLayoutConstraint.swift */; };
		DCBC746C1E537B0500EB0D80 /* Controls.swift in Sources */ = {isa = PBXBuildFile; fileRef = DCBC746B1E537B0500EB0D80 /* Controls.swift */; };
		DCBC746E1E537BF000EB0D80 /* FieldName.swift in Sources */ = {isa = PBXBuildFile; fileRef = DCBC746D1E537BF000EB0D80 /* FieldName.swift */; };
		DCBC74701E561A6600EB0D80 /* AccuracyControl.swift in Sources */ = {isa = PBXBuildFile; fileRef = DCBC746F1E561A6600EB0D80 /* AccuracyControl.swift */; };
		DCBC74721E561AF000EB0D80 /* PositionButton.swift in Sources */ = {isa = PBXBuildFile; fileRef = DCBC74711E561AF000EB0D80 /* PositionButton.swift */; };
		DCBC74741E561DAC00EB0D80 /* FieldContainer.swift in Sources */ = {isa = PBXBuildFile; fileRef = DCBC74731E561DAC00EB0D80 /* FieldContainer.swift */; };
/* End PBXBuildFile section */

/* Begin PBXFileReference section */
		DCBC74521E53794F00EB0D80 /* PositionLogger.app */ = {isa = PBXFileReference; explicitFileType = wrapper.application; includeInIndex = 0; path = PositionLogger.app; sourceTree = BUILT_PRODUCTS_DIR; };
		DCBC74551E53794F00EB0D80 /* AppDelegate.swift */ = {isa = PBXFileReference; lastKnownFileType = sourcecode.swift; path = AppDelegate.swift; sourceTree = "<group>"; };
		DCBC74571E53794F00EB0D80 /* MainViewController.swift */ = {isa = PBXFileReference; lastKnownFileType = sourcecode.swift; path = MainViewController.swift; sourceTree = "<group>"; };
		DCBC745C1E53794F00EB0D80 /* Assets.xcassets */ = {isa = PBXFileReference; lastKnownFileType = folder.assetcatalog; path = Assets.xcassets; sourceTree = "<group>"; };
		DCBC745F1E53794F00EB0D80 /* Base */ = {isa = PBXFileReference; lastKnownFileType = file.storyboard; name = Base; path = Base.lproj/LaunchScreen.storyboard; sourceTree = "<group>"; };
		DCBC74611E53794F00EB0D80 /* Info.plist */ = {isa = PBXFileReference; lastKnownFileType = text.plist.xml; path = Info.plist; sourceTree = "<group>"; };
		DCBC74671E53799300EB0D80 /* Cons.swift */ = {isa = PBXFileReference; fileEncoding = 4; lastKnownFileType = sourcecode.swift; name = Cons.swift; path = ../Cons.swift; sourceTree = "<group>"; };
		DCBC74691E537AE100EB0D80 /* QLayoutConstraint.swift */ = {isa = PBXFileReference; fileEncoding = 4; lastKnownFileType = sourcecode.swift; path = QLayoutConstraint.swift; sourceTree = "<group>"; };
		DCBC746B1E537B0500EB0D80 /* Controls.swift */ = {isa = PBXFileReference; fileEncoding = 4; lastKnownFileType = sourcecode.swift; path = Controls.swift; sourceTree = "<group>"; };
		DCBC746D1E537BF000EB0D80 /* FieldName.swift */ = {isa = PBXFileReference; fileEncoding = 4; lastKnownFileType = sourcecode.swift; path = FieldName.swift; sourceTree = "<group>"; };
		DCBC746F1E561A6600EB0D80 /* AccuracyControl.swift */ = {isa = PBXFileReference; fileEncoding = 4; lastKnownFileType = sourcecode.swift; path = AccuracyControl.swift; sourceTree = "<group>"; };
		DCBC74711E561AF000EB0D80 /* PositionButton.swift */ = {isa = PBXFileReference; fileEncoding = 4; lastKnownFileType = sourcecode.swift; path = PositionButton.swift; sourceTree = "<group>"; };
		DCBC74731E561DAC00EB0D80 /* FieldContainer.swift */ = {isa = PBXFileReference; fileEncoding = 4; lastKnownFileType = sourcecode.swift; path = FieldContainer.swift; sourceTree = "<group>"; };
/* End PBXFileReference section */

/* Begin PBXFrameworksBuildPhase section */
		DCBC744F1E53794F00EB0D80 /* Frameworks */ = {
			isa = PBXFrameworksBuildPhase;
			buildActionMask = 2147483647;
			files = (
			);
			runOnlyForDeploymentPostprocessing = 0;
		};
/* End PBXFrameworksBuildPhase section */

/* Begin PBXGroup section */
		DCBC74491E53794F00EB0D80 = {
			isa = PBXGroup;
			children = (
				DCBC74541E53794F00EB0D80 /* PositionLogger */,
				DCBC74531E53794F00EB0D80 /* Products */,
			);
			sourceTree = "<group>";
		};
		DCBC74531E53794F00EB0D80 /* Products */ = {
			isa = PBXGroup;
			children = (
				DCBC74521E53794F00EB0D80 /* PositionLogger.app */,
			);
			name = Products;
			sourceTree = "<group>";
		};
		DCBC74541E53794F00EB0D80 /* PositionLogger */ = {
			isa = PBXGroup;
			children = (
				DCBC74551E53794F00EB0D80 /* AppDelegate.swift */,
				DCBC74671E53799300EB0D80 /* Cons.swift */,
				DCBC74571E53794F00EB0D80 /* MainViewController.swift */,
				DCBC74691E537AE100EB0D80 /* QLayoutConstraint.swift */,
				DCBC74731E561DAC00EB0D80 /* FieldContainer.swift */,
				DCBC746B1E537B0500EB0D80 /* Controls.swift */,
				DCBC746D1E537BF000EB0D80 /* FieldName.swift */,
				DCBC746F1E561A6600EB0D80 /* AccuracyControl.swift */,
				DCBC74711E561AF000EB0D80 /* PositionButton.swift */,
				DCBC745C1E53794F00EB0D80 /* Assets.xcassets */,
				DCBC745E1E53794F00EB0D80 /* LaunchScreen.storyboard */,
				DCBC74611E53794F00EB0D80 /* Info.plist */,
			);
			path = PositionLogger;
			sourceTree = "<group>";
		};
/* End PBXGroup section */

/* Begin PBXNativeTarget section */
		DCBC74511E53794F00EB0D80 /* PositionLogger */ = {
			isa = PBXNativeTarget;
			buildConfigurationList = DCBC74641E53794F00EB0D80 /* Build configuration list for PBXNativeTarget "PositionLogger" */;
			buildPhases = (
				DCBC744E1E53794F00EB0D80 /* Sources */,
				DCBC744F1E53794F00EB0D80 /* Frameworks */,
				DCBC74501E53794F00EB0D80 /* Resources */,
			);
			buildRules = (
			);
			dependencies = (
			);
			name = PositionLogger;
			productName = PositionLogger;
			productReference = DCBC74521E53794F00EB0D80 /* PositionLogger.app */;
			productType = "com.apple.product-type.application";
		};
/* End PBXNativeTarget section */

/* Begin PBXProject section */
		DCBC744A1E53794F00EB0D80 /* Project object */ = {
			isa = PBXProject;
			attributes = {
				LastSwiftUpdateCheck = 0820;
				LastUpgradeCheck = 0820;
				ORGANIZATIONNAME = 6S062;
				TargetAttributes = {
					DCBC74511E53794F00EB0D80 = {
						CreatedOnToolsVersion = 8.2.1;
						ProvisioningStyle = Automatic;
					};
				};
			};
			buildConfigurationList = DCBC744D1E53794F00EB0D80 /* Build configuration list for PBXProject "PositionLogger" */;
			compatibilityVersion = "Xcode 3.2";
			developmentRegion = English;
			hasScannedForEncodings = 0;
			knownRegions = (
				en,
				Base,
			);
			mainGroup = DCBC74491E53794F00EB0D80;
			productRefGroup = DCBC74531E53794F00EB0D80 /* Products */;
			projectDirPath = "";
			projectRoot = "";
			targets = (
				DCBC74511E53794F00EB0D80 /* PositionLogger */,
			);
		};
/* End PBXProject section */

/* Begin PBXResourcesBuildPhase section */
		DCBC74501E53794F00EB0D80 /* Resources */ = {
			isa = PBXResourcesBuildPhase;
			buildActionMask = 2147483647;
			files = (
				DCBC74601E53794F00EB0D80 /* LaunchScreen.storyboard in Resources */,
				DCBC745D1E53794F00EB0D80 /* Assets.xcassets in Resources */,
			);
			runOnlyForDeploymentPostprocessing = 0;
		};
/* End PBXResourcesBuildPhase section */

/* Begin PBXSourcesBuildPhase section */
		DCBC744E1E53794F00EB0D80 /* Sources */ = {
			isa = PBXSourcesBuildPhase;
			buildActionMask = 2147483647;
			files = (
				DCBC74721E561AF000EB0D80 /* PositionButton.swift in Sources */,
				DCBC74681E53799300EB0D80 /* Cons.swift in Sources */,
				DCBC746E1E537BF000EB0D80 /* FieldName.swift in Sources */,
				DCBC74581E53794F00EB0D80 /* MainViewController.swift in Sources */,
				DCBC74701E561A6600EB0D80 /* AccuracyControl.swift in Sources */,
				DCBC746C1E537B0500EB0D80 /* Controls.swift in Sources */,
				DCBC746A1E537AE100EB0D80 /* QLayoutConstraint.swift in Sources */,
				DCBC74741E561DAC00EB0D80 /* FieldContainer.swift in Sources */,
				DCBC74561E53794F00EB0D80 /* AppDelegate.swift in Sources */,
			);
			runOnlyForDeploymentPostprocessing = 0;
		};
/* End PBXSourcesBuildPhase section */

/* Begin PBXVariantGroup section */
		DCBC745E1E53794F00EB0D80 /* LaunchScreen.storyboard */ = {
			isa = PBXVariantGroup;
			children = (
				DCBC745F1E53794F00EB0D80 /* Base */,
			);
			name = LaunchScreen.storyboard;
			sourceTree = "<group>";
		};
/* End PBXVariantGroup section */

/* Begin XCBuildConfiguration section */
		DCBC74621E53794F00EB0D80 /* Debug */ = {
			isa = XCBuildConfiguration;
			buildSettings = {
				ALWAYS_SEARCH_USER_PATHS = NO;
				CLANG_ANALYZER_NONNULL = YES;
				CLANG_CXX_LANGUAGE_STANDARD = "gnu++0x";
				CLANG_CXX_LIBRARY = "libc++";
				CLANG_ENABLE_MODULES = YES;
				CLANG_ENABLE_OBJC_ARC = YES;
				CLANG_WARN_BOOL_CONVERSION = YES;
				CLANG_WARN_CONSTANT_CONVERSION = YES;
				CLANG_WARN_DIRECT_OBJC_ISA_USAGE = YES_ERROR;
				CLANG_WARN_DOCUMENTATION_COMMENTS = YES;
				CLANG_WARN_EMPTY_BODY = YES;
				CLANG_WARN_ENUM_CONVERSION = YES;
				CLANG_WARN_INFINITE_RECURSION = YES;
				CLANG_WARN_INT_CONVERSION = YES;
				CLANG_WARN_OBJC_ROOT_CLASS = YES_ERROR;
				CLANG_WARN_SUSPICIOUS_MOVE = YES;
				CLANG_WARN_UNREACHABLE_CODE = YES;
				CLANG_WARN__DUPLICATE_METHOD_MATCH = YES;
				"CODE_SIGN_IDENTITY[sdk=iphoneos*]" = "iPhone Developer";
				COPY_PHASE_STRIP = NO;
				DEBUG_INFORMATION_FORMAT = dwarf;
				ENABLE_STRICT_OBJC_MSGSEND = YES;
				ENABLE_TESTABILITY = YES;
				GCC_C_LANGUAGE_STANDARD = gnu99;
				GCC_DYNAMIC_NO_PIC = NO;
				GCC_NO_COMMON_BLOCKS = YES;
				GCC_OPTIMIZATION_LEVEL = 0;
				GCC_PREPROCESSOR_DEFINITIONS = (
					"DEBUG=1",
					"$(inherited)",
				);
				GCC_WARN_64_TO_32_BIT_CONVERSION = YES;
				GCC_WARN_ABOUT_RETURN_TYPE = YES_ERROR;
				GCC_WARN_UNDECLARED_SELECTOR = YES;
				GCC_WARN_UNINITIALIZED_AUTOS = YES_AGGRESSIVE;
				GCC_WARN_UNUSED_FUNCTION = YES;
				GCC_WARN_UNUSED_VARIABLE = YES;
				IPHONEOS_DEPLOYMENT_TARGET = 10.2;
				MTL_ENABLE_DEBUG_INFO = YES;
				ONLY_ACTIVE_ARCH = YES;
				SDKROOT = iphoneos;
				SWIFT_ACTIVE_COMPILATION_CONDITIONS = DEBUG;
				SWIFT_OPTIMIZATION_LEVEL = "-Onone";
				TARGETED_DEVICE_FAMILY = "1,2";
			};
			name = Debug;
		};
		DCBC74631E53794F00EB0D80 /* Release */ = {
			isa = XCBuildConfiguration;
			buildSettings = {
				ALWAYS_SEARCH_USER_PATHS = NO;
				CLANG_ANALYZER_NONNULL = YES;
				CLANG_CXX_LANGUAGE_STANDARD = "gnu++0x";
				CLANG_CXX_LIBRARY = "libc++";
				CLANG_ENABLE_MODULES = YES;
				CLANG_ENABLE_OBJC_ARC = YES;
				CLANG_WARN_BOOL_CONVERSION = YES;
				CLANG_WARN_CONSTANT_CONVERSION = YES;
				CLANG_WARN_DIRECT_OBJC_ISA_USAGE = YES_ERROR;
				CLANG_WARN_DOCUMENTATION_COMMENTS = YES;
				CLANG_WARN_EMPTY_BODY = YES;
				CLANG_WARN_ENUM_CONVERSION = YES;
				CLANG_WARN_INFINITE_RECURSION = YES;
				CLANG_WARN_INT_CONVERSION = YES;
				CLANG_WARN_OBJC_ROOT_CLASS = YES_ERROR;
				CLANG_WARN_SUSPICIOUS_MOVE = YES;
				CLANG_WARN_UNREACHABLE_CODE = YES;
				CLANG_WARN__DUPLICATE_METHOD_MATCH = YES;
				"CODE_SIGN_IDENTITY[sdk=iphoneos*]" = "iPhone Developer";
				COPY_PHASE_STRIP = NO;
				DEBUG_INFORMATION_FORMAT = "dwarf-with-dsym";
				ENABLE_NS_ASSERTIONS = NO;
				ENABLE_STRICT_OBJC_MSGSEND = YES;
				GCC_C_LANGUAGE_STANDARD = gnu99;
				GCC_NO_COMMON_BLOCKS = YES;
				GCC_WARN_64_TO_32_BIT_CONVERSION = YES;
				GCC_WARN_ABOUT_RETURN_TYPE = YES_ERROR;
				GCC_WARN_UNDECLARED_SELECTOR = YES;
				GCC_WARN_UNINITIALIZED_AUTOS = YES_AGGRESSIVE;
				GCC_WARN_UNUSED_FUNCTION = YES;
				GCC_WARN_UNUSED_VARIABLE = YES;
				IPHONEOS_DEPLOYMENT_TARGET = 10.2;
				MTL_ENABLE_DEBUG_INFO = NO;
				SDKROOT = iphoneos;
				SWIFT_OPTIMIZATION_LEVEL = "-Owholemodule";
				TARGETED_DEVICE_FAMILY = "1,2";
				VALIDATE_PRODUCT = YES;
			};
			name = Release;
		};
		DCBC74651E53794F00EB0D80 /* Debug */ = {
			isa = XCBuildConfiguration;
			buildSettings = {
				ASSETCATALOG_COMPILER_APPICON_NAME = AppIcon;
				INFOPLIST_FILE = PositionLogger/Info.plist;
				LD_RUNPATH_SEARCH_PATHS = "$(inherited) @executable_path/Frameworks";
				PRODUCT_BUNDLE_IDENTIFIER = mit.PositionLogger;
				PRODUCT_NAME = "$(TARGET_NAME)";
				SWIFT_VERSION = 3.0;
			};
			name = Debug;
		};
		DCBC74661E53794F00EB0D80 /* Release */ = {
			isa = XCBuildConfiguration;
			buildSettings = {
				ASSETCATALOG_COMPILER_APPICON_NAME = AppIcon;
				INFOPLIST_FILE = PositionLogger/Info.plist;
				LD_RUNPATH_SEARCH_PATHS = "$(inherited) @executable_path/Frameworks";
				PRODUCT_BUNDLE_IDENTIFIER = mit.PositionLogger;
				PRODUCT_NAME = "$(TARGET_NAME)";
				SWIFT_VERSION = 3.0;
			};
			name = Release;
		};
/* End XCBuildConfiguration section */

/* Begin XCConfigurationList section */
		DCBC744D1E53794F00EB0D80 /* Build configuration list for PBXProject "PositionLogger" */ = {
			isa = XCConfigurationList;
			buildConfigurations = (
				DCBC74621E53794F00EB0D80 /* Debug */,
				DCBC74631E53794F00EB0D80 /* Release */,
			);
			defaultConfigurationIsVisible = 0;
			defaultConfigurationName = Release;
		};
		DCBC74641E53794F00EB0D80 /* Build configuration list for PBXNativeTarget "PositionLogger" */ = {
			isa = XCConfigurationList;
			buildConfigurations = (
				DCBC74651E53794F00EB0D80 /* Debug */,
				DCBC74661E53794F00EB0D80 /* Release */,
			);
			defaultConfigurationIsVisible = 0;
			defaultConfigurationName = Release;
		};
/* End XCConfigurationList section */
	};
	rootObject = DCBC744A1E53794F00EB0D80 /* Project object */;
}
